
Microsoft Visual Studio Solution File, Format Version 12.00
# Visual Studio Version 16
VisualStudioVersion = 16.0.29926.136
MinimumVisualStudioVersion = 10.0.40219.1
Project("{FAE04EC0-301F-11D3-BF4B-00C04F79EFBC}") = "Litium.Synchronization.Abstractions", "Litium.Synchronization.Abstraction\Litium.Synchronization.Abstractions.csproj", "{1D6765C8-013B-474E-A075-31DBB85B460A}"
EndProject
Project("{FAE04EC0-301F-11D3-BF4B-00C04F79EFBC}") = "Litium.Synchronization.Export.L5", "Litium.Synchronization.Export.L5\Litium.Synchronization.Export.L5.csproj", "{424CBC53-B0B1-437F-84FF-CCB8E2EB4870}"
EndProject
Project("{FAE04EC0-301F-11D3-BF4B-00C04F79EFBC}") = "Litium.Synchronization.Import", "Litium.Synchronization.Import\Litium.Synchronization.Import.csproj", "{99A72894-D613-4E03-BFE5-316CB8A5B54C}"
EndProject
Global
	GlobalSection(SolutionConfigurationPlatforms) = preSolution
		Debug|Any CPU = Debug|Any CPU
		Release|Any CPU = Release|Any CPU
	EndGlobalSection
	GlobalSection(ProjectConfigurationPlatforms) = postSolution
		{1D6765C8-013B-474E-A075-31DBB85B460A}.Debug|Any CPU.ActiveCfg = Debug|Any CPU
		{1D6765C8-013B-474E-A075-31DBB85B460A}.Debug|Any CPU.Build.0 = Debug|Any CPU
		{1D6765C8-013B-474E-A075-31DBB85B460A}.Release|Any CPU.ActiveCfg = Release|Any CPU
		{1D6765C8-013B-474E-A075-31DBB85B460A}.Release|Any CPU.Build.0 = Release|Any CPU
		{424CBC53-B0B1-437F-84FF-CCB8E2EB4870}.Debug|Any CPU.ActiveCfg = Debug|Any CPU
		{424CBC53-B0B1-437F-84FF-CCB8E2EB4870}.Debug|Any CPU.Build.0 = Debug|Any CPU
		{424CBC53-B0B1-437F-84FF-CCB8E2EB4870}.Release|Any CPU.ActiveCfg = Release|Any CPU
		{424CBC53-B0B1-437F-84FF-CCB8E2EB4870}.Release|Any CPU.Build.0 = Release|Any CPU
		{99A72894-D613-4E03-BFE5-316CB8A5B54C}.Debug|Any CPU.ActiveCfg = Debug|Any CPU
		{99A72894-D613-4E03-BFE5-316CB8A5B54C}.Debug|Any CPU.Build.0 = Debug|Any CPU
		{99A72894-D613-4E03-BFE5-316CB8A5B54C}.Release|Any CPU.ActiveCfg = Release|Any CPU
		{99A72894-D613-4E03-BFE5-316CB8A5B54C}.Release|Any CPU.Build.0 = Release|Any CPU
	EndGlobalSection
	GlobalSection(SolutionProperties) = preSolution
		HideSolutionNode = FALSE
	EndGlobalSection
	GlobalSection(ExtensibilityGlobals) = postSolution
		SolutionGuid = {D9F55DCC-D074-451D-86F3-786DC79AFFE9}
	EndGlobalSection
EndGlobal
